
Microsoft Visual Studio Solution File, Format Version 12.00
# Visual Studio Version 17
VisualStudioVersion = 17.8.34601.278
MinimumVisualStudioVersion = 10.0.40219.1
Project("{9A19103F-16F7-4668-BE54-9A1E7A4F7556}") = "StaticProgramAnalyzer", "StaticProgramAnalyzer\StaticProgramAnalyzer.csproj", "{40ADC21C-71DF-4518-A18F-5BA1F7FE636F}"
EndProject
Project("{9A19103F-16F7-4668-BE54-9A1E7A4F7556}") = "StaticProgramAnalyzer.Console", "StaticProgramAnalyzer.Console\StaticProgramAnalyzer.Console.csproj", "{B9D027F6-8E66-4C6B-91AF-4B3EEAC406C1}"
EndProject
Project("{9A19103F-16F7-4668-BE54-9A1E7A4F7556}") = "StaticProgramAnalyzer.Tests", "StaticProgramAnalyzer.Tests\StaticProgramAnalyzer.Tests.csproj", "{D61153D3-FEDE-48B4-9FAF-98A11C0B900D}"
EndProject
Global
	GlobalSection(SolutionConfigurationPlatforms) = preSolution
		Debug|Any CPU = Debug|Any CPU
		Release|Any CPU = Release|Any CPU
	EndGlobalSection
	GlobalSection(ProjectConfigurationPlatforms) = postSolution
		{40ADC21C-71DF-4518-A18F-5BA1F7FE636F}.Debug|Any CPU.ActiveCfg = Debug|Any CPU
		{40ADC21C-71DF-4518-A18F-5BA1F7FE636F}.Debug|Any CPU.Build.0 = Debug|Any CPU
		{40ADC21C-71DF-4518-A18F-5BA1F7FE636F}.Release|Any CPU.ActiveCfg = Release|Any CPU
		{40ADC21C-71DF-4518-A18F-5BA1F7FE636F}.Release|Any CPU.Build.0 = Release|Any CPU
		{B9D027F6-8E66-4C6B-91AF-4B3EEAC406C1}.Debug|Any CPU.ActiveCfg = Debug|Any CPU
		{B9D027F6-8E66-4C6B-91AF-4B3EEAC406C1}.Debug|Any CPU.Build.0 = Debug|Any CPU
		{B9D027F6-8E66-4C6B-91AF-4B3EEAC406C1}.Release|Any CPU.ActiveCfg = Release|Any CPU
		{B9D027F6-8E66-4C6B-91AF-4B3EEAC406C1}.Release|Any CPU.Build.0 = Release|Any CPU
		{D61153D3-FEDE-48B4-9FAF-98A11C0B900D}.Debug|Any CPU.ActiveCfg = Debug|Any CPU
		{D61153D3-FEDE-48B4-9FAF-98A11C0B900D}.Debug|Any CPU.Build.0 = Debug|Any CPU
		{D61153D3-FEDE-48B4-9FAF-98A11C0B900D}.Release|Any CPU.ActiveCfg = Release|Any CPU
		{D61153D3-FEDE-48B4-9FAF-98A11C0B900D}.Release|Any CPU.Build.0 = Release|Any CPU
	EndGlobalSection
	GlobalSection(SolutionProperties) = preSolution
		HideSolutionNode = FALSE
	EndGlobalSection
	GlobalSection(ExtensibilityGlobals) = postSolution
		SolutionGuid = {BA2D2528-96E3-4AEA-BE5D-1EB19A79E164}
	EndGlobalSection
EndGlobal
